
Microsoft Visual Studio Solution File, Format Version 12.00
# Visual Studio Version 16
VisualStudioVersion = 16.0.31019.35
MinimumVisualStudioVersion = 10.0.40219.1
Project("{FAE04EC0-301F-11D3-BF4B-00C04F79EFBC}") = "ChatingApi", "ChatingApi\ChatingApi.csproj", "{CAC89752-A5D9-4C73-9F71-2812B4B05AD5}"
EndProject
Global
	GlobalSection(SolutionConfigurationPlatforms) = preSolution
		Debug|Any CPU = Debug|Any CPU
		Release|Any CPU = Release|Any CPU
	EndGlobalSection
	GlobalSection(ProjectConfigurationPlatforms) = postSolution
		{CAC89752-A5D9-4C73-9F71-2812B4B05AD5}.Debug|Any CPU.ActiveCfg = Debug|Any CPU
		{CAC89752-A5D9-4C73-9F71-2812B4B05AD5}.Debug|Any CPU.Build.0 = Debug|Any CPU
		{CAC89752-A5D9-4C73-9F71-2812B4B05AD5}.Release|Any CPU.ActiveCfg = Release|Any CPU
		{CAC89752-A5D9-4C73-9F71-2812B4B05AD5}.Release|Any CPU.Build.0 = Release|Any CPU
	EndGlobalSection
	GlobalSection(SolutionProperties) = preSolution
		HideSolutionNode = FALSE
	EndGlobalSection
	GlobalSection(ExtensibilityGlobals) = postSolution
		SolutionGuid = {E3362095-6B4B-4DBD-BD5E-98816E52DEBF}
	EndGlobalSection
EndGlobal
